
Microsoft Visual Studio Solution File, Format Version 12.00
# Visual Studio Version 17
VisualStudioVersion = 17.5.002.0
MinimumVisualStudioVersion = 10.0.40219.1
Project("{9A19103F-16F7-4668-BE54-9A1E7A4F7556}") = "api", "api\api.csproj", "{1831C0CA-31AD-4630-B6DF-048D3E33C942}"
EndProject
Global
	GlobalSection(SolutionConfigurationPlatforms) = preSolution
		Debug|Any CPU = Debug|Any CPU
		Release|Any CPU = Release|Any CPU
	EndGlobalSection
	GlobalSection(ProjectConfigurationPlatforms) = postSolution
		{1831C0CA-31AD-4630-B6DF-048D3E33C942}.Debug|Any CPU.ActiveCfg = Debug|Any CPU
		{1831C0CA-31AD-4630-B6DF-048D3E33C942}.Debug|Any CPU.Build.0 = Debug|Any CPU
		{1831C0CA-31AD-4630-B6DF-048D3E33C942}.Release|Any CPU.ActiveCfg = Release|Any CPU
		{1831C0CA-31AD-4630-B6DF-048D3E33C942}.Release|Any CPU.Build.0 = Release|Any CPU
	EndGlobalSection
	GlobalSection(SolutionProperties) = preSolution
		HideSolutionNode = FALSE
	EndGlobalSection
	GlobalSection(ExtensibilityGlobals) = postSolution
		SolutionGuid = {6FE50DDE-D631-4277-97DE-9280630158DE}
	EndGlobalSection
EndGlobal
